
Microsoft Visual Studio Solution File, Format Version 12.00
# Visual Studio Version 16
VisualStudioVersion = 16.0.29709.97
MinimumVisualStudioVersion = 10.0.40219.1
Project("{FAE04EC0-301F-11D3-BF4B-00C04F79EFBC}") = "PokeFinderApi", "PokeFinderApi\PokeFinderApi.csproj", "{9942FB58-D49A-4640-BB45-7EFD77067793}"
EndProject
Project("{FAE04EC0-301F-11D3-BF4B-00C04F79EFBC}") = "PokeFinder.Entities", "PokeFinder.Entities\PokeFinder.Entities.csproj", "{A83A0D05-DE61-4705-97C1-AE0F69B917E5}"
EndProject
Global
	GlobalSection(SolutionConfigurationPlatforms) = preSolution
		Debug|Any CPU = Debug|Any CPU
		Release|Any CPU = Release|Any CPU
	EndGlobalSection
	GlobalSection(ProjectConfigurationPlatforms) = postSolution
		{9942FB58-D49A-4640-BB45-7EFD77067793}.Debug|Any CPU.ActiveCfg = Debug|Any CPU
		{9942FB58-D49A-4640-BB45-7EFD77067793}.Debug|Any CPU.Build.0 = Debug|Any CPU
		{9942FB58-D49A-4640-BB45-7EFD77067793}.Release|Any CPU.ActiveCfg = Release|Any CPU
		{9942FB58-D49A-4640-BB45-7EFD77067793}.Release|Any CPU.Build.0 = Release|Any CPU
		{A83A0D05-DE61-4705-97C1-AE0F69B917E5}.Debug|Any CPU.ActiveCfg = Debug|Any CPU
		{A83A0D05-DE61-4705-97C1-AE0F69B917E5}.Debug|Any CPU.Build.0 = Debug|Any CPU
		{A83A0D05-DE61-4705-97C1-AE0F69B917E5}.Release|Any CPU.ActiveCfg = Release|Any CPU
		{A83A0D05-DE61-4705-97C1-AE0F69B917E5}.Release|Any CPU.Build.0 = Release|Any CPU
	EndGlobalSection
	GlobalSection(SolutionProperties) = preSolution
		HideSolutionNode = FALSE
	EndGlobalSection
	GlobalSection(ExtensibilityGlobals) = postSolution
		SolutionGuid = {69D0DEEA-FB77-4266-BF4F-8956ED25CCE0}
	EndGlobalSection
EndGlobal
